
Microsoft Visual Studio Solution File, Format Version 12.00
# Visual Studio Version 17
VisualStudioVersion = 17.8.34316.72
MinimumVisualStudioVersion = 10.0.40219.1
Project("{FAE04EC0-301F-11D3-BF4B-00C04F79EFBC}") = "FormMovie", "FormMovie\FormMovie.csproj", "{7E952201-E1F7-42DB-A81A-47E5CDA617F9}"
EndProject
Global
	GlobalSection(SolutionConfigurationPlatforms) = preSolution
		Debug|Any CPU = Debug|Any CPU
		Release|Any CPU = Release|Any CPU
	EndGlobalSection
	GlobalSection(ProjectConfigurationPlatforms) = postSolution
		{7E952201-E1F7-42DB-A81A-47E5CDA617F9}.Debug|Any CPU.ActiveCfg = Debug|Any CPU
		{7E952201-E1F7-42DB-A81A-47E5CDA617F9}.Debug|Any CPU.Build.0 = Debug|Any CPU
		{7E952201-E1F7-42DB-A81A-47E5CDA617F9}.Release|Any CPU.ActiveCfg = Release|Any CPU
		{7E952201-E1F7-42DB-A81A-47E5CDA617F9}.Release|Any CPU.Build.0 = Release|Any CPU
	EndGlobalSection
	GlobalSection(SolutionProperties) = preSolution
		HideSolutionNode = FALSE
	EndGlobalSection
	GlobalSection(ExtensibilityGlobals) = postSolution
		SolutionGuid = {E935EA71-934B-4AFB-8961-CE8530C3CEDD}
	EndGlobalSection
EndGlobal
